
Microsoft Visual Studio Solution File, Format Version 12.00
# Visual Studio Version 16
VisualStudioVersion = 16.0.29503.13
MinimumVisualStudioVersion = 10.0.40219.1
Project("{8BC9CEB8-8B4A-11D0-8D11-00A0C91BC942}") = "sloongnet", "sloongnet.vcxproj", "{02CDBD70-5109-425A-94FC-002980EBC5AD}"
EndProject
Global
	GlobalSection(SolutionConfigurationPlatforms) = preSolution
		Debug_Control|ARM = Debug_Control|ARM
		Debug_Control|ARM64 = Debug_Control|ARM64
		Debug_Control|x64 = Debug_Control|x64
		Debug_Control|x86 = Debug_Control|x86
		Debug|ARM = Debug|ARM
		Debug|ARM64 = Debug|ARM64
		Debug|x64 = Debug|x64
		Debug|x86 = Debug|x86
		Release|ARM = Release|ARM
		Release|ARM64 = Release|ARM64
		Release|x64 = Release|x64
		Release|x86 = Release|x86
	EndGlobalSection
	GlobalSection(ProjectConfigurationPlatforms) = postSolution
		{02CDBD70-5109-425A-94FC-002980EBC5AD}.Debug_Control|ARM.ActiveCfg = Debug_Control|ARM
		{02CDBD70-5109-425A-94FC-002980EBC5AD}.Debug_Control|ARM.Build.0 = Debug_Control|ARM
		{02CDBD70-5109-425A-94FC-002980EBC5AD}.Debug_Control|ARM.Deploy.0 = Debug_Control|ARM
		{02CDBD70-5109-425A-94FC-002980EBC5AD}.Debug_Control|ARM64.ActiveCfg = Debug_Control|ARM64
		{02CDBD70-5109-425A-94FC-002980EBC5AD}.Debug_Control|ARM64.Build.0 = Debug_Control|ARM64
		{02CDBD70-5109-425A-94FC-002980EBC5AD}.Debug_Control|ARM64.Deploy.0 = Debug_Control|ARM64
		{02CDBD70-5109-425A-94FC-002980EBC5AD}.Debug_Control|x64.ActiveCfg = Debug_Control|x64
		{02CDBD70-5109-425A-94FC-002980EBC5AD}.Debug_Control|x64.Build.0 = Debug_Control|x64
		{02CDBD70-5109-425A-94FC-002980EBC5AD}.Debug_Control|x64.Deploy.0 = Debug_Control|x64
		{02CDBD70-5109-425A-94FC-002980EBC5AD}.Debug_Control|x86.ActiveCfg = Debug_Control|x86
		{02CDBD70-5109-425A-94FC-002980EBC5AD}.Debug_Control|x86.Build.0 = Debug_Control|x86
		{02CDBD70-5109-425A-94FC-002980EBC5AD}.Debug_Control|x86.Deploy.0 = Debug_Control|x86
		{02CDBD70-5109-425A-94FC-002980EBC5AD}.Debug|ARM.ActiveCfg = Debug|ARM
		{02CDBD70-5109-425A-94FC-002980EBC5AD}.Debug|ARM.Build.0 = Debug|ARM
		{02CDBD70-5109-425A-94FC-002980EBC5AD}.Debug|ARM.Deploy.0 = Debug|ARM
		{02CDBD70-5109-425A-94FC-002980EBC5AD}.Debug|ARM64.ActiveCfg = Debug|ARM64
		{02CDBD70-5109-425A-94FC-002980EBC5AD}.Debug|ARM64.Build.0 = Debug|ARM64
		{02CDBD70-5109-425A-94FC-002980EBC5AD}.Debug|ARM64.Deploy.0 = Debug|ARM64
		{02CDBD70-5109-425A-94FC-002980EBC5AD}.Debug|x64.ActiveCfg = Debug|x64
		{02CDBD70-5109-425A-94FC-002980EBC5AD}.Debug|x64.Build.0 = Debug|x64
		{02CDBD70-5109-425A-94FC-002980EBC5AD}.Debug|x64.Deploy.0 = Debug|x64
		{02CDBD70-5109-425A-94FC-002980EBC5AD}.Debug|x86.ActiveCfg = Debug|x86
		{02CDBD70-5109-425A-94FC-002980EBC5AD}.Debug|x86.Build.0 = Debug|x86
		{02CDBD70-5109-425A-94FC-002980EBC5AD}.Debug|x86.Deploy.0 = Debug|x86
		{02CDBD70-5109-425A-94FC-002980EBC5AD}.Release|ARM.ActiveCfg = Release|ARM
		{02CDBD70-5109-425A-94FC-002980EBC5AD}.Release|ARM.Build.0 = Release|ARM
		{02CDBD70-5109-425A-94FC-002980EBC5AD}.Release|ARM.Deploy.0 = Release|ARM
		{02CDBD70-5109-425A-94FC-002980EBC5AD}.Release|ARM64.ActiveCfg = Release|ARM64
		{02CDBD70-5109-425A-94FC-002980EBC5AD}.Release|ARM64.Build.0 = Release|ARM64
		{02CDBD70-5109-425A-94FC-002980EBC5AD}.Release|ARM64.Deploy.0 = Release|ARM64
		{02CDBD70-5109-425A-94FC-002980EBC5AD}.Release|x64.ActiveCfg = Release|x64
		{02CDBD70-5109-425A-94FC-002980EBC5AD}.Release|x64.Build.0 = Release|x64
		{02CDBD70-5109-425A-94FC-002980EBC5AD}.Release|x64.Deploy.0 = Release|x64
		{02CDBD70-5109-425A-94FC-002980EBC5AD}.Release|x86.ActiveCfg = Release|x86
		{02CDBD70-5109-425A-94FC-002980EBC5AD}.Release|x86.Build.0 = Release|x86
		{02CDBD70-5109-425A-94FC-002980EBC5AD}.Release|x86.Deploy.0 = Release|x86
	EndGlobalSection
	GlobalSection(SolutionProperties) = preSolution
		HideSolutionNode = FALSE
	EndGlobalSection
	GlobalSection(ExtensibilityGlobals) = postSolution
		SolutionGuid = {96F3D794-AD46-47E6-B13A-23369CD397BE}
	EndGlobalSection
EndGlobal
