<?xml version="1.0" encoding="utf-8"?>
<Project ToolsVersion="4.0" xmlns="http://schemas.microsoft.com/developer/msbuild/2003">
  <ItemGroup>
    <Filter Include="Source files">
      <UniqueIdentifier>{b4d522c9-cd7e-4a81-ad5f-8004ca3b1c15}</UniqueIdentifier>
      <Extensions>cpp;c;cc;cxx;def;odl;idl;hpj;bat;asm;asmx</Extensions>
    </Filter>
    <Filter Include="Header files">
      <UniqueIdentifier>{16351f91-863a-40a8-820c-8aff8ab0f86c}</UniqueIdentifier>
      <Extensions>h;hpp;hxx;hm;inl;inc;xsd</Extensions>
    </Filter>
    <Filter Include="Make files">
      <UniqueIdentifier>{04dbcfc6-32c5-4c14-bccc-de143428ec5c}</UniqueIdentifier>
      <Extensions>*.mak</Extensions>
    </Filter>
    <Filter Include="scripts">
      <UniqueIdentifier>{d910d274-a871-4d10-bee2-edd0bd9aef9a}</UniqueIdentifier>
    </Filter>
    <Filter Include="Center">
      <UniqueIdentifier>{331172ee-63b3-48d2-953c-89f47bc1cfd9}</UniqueIdentifier>
    </Filter>
    <Filter Include="Interface">
      <UniqueIdentifier>{32c97474-9c6f-49ca-88aa-733d9965df16}</UniqueIdentifier>
    </Filter>
    <Filter Include="Events">
      <UniqueIdentifier>{63a5f03b-d230-415d-aeda-c3b2edc42160}</UniqueIdentifier>
    </Filter>
    <Filter Include="Module">
      <UniqueIdentifier>{43b4bdf1-5537-4cdb-989b-21b490c9cc1e}</UniqueIdentifier>
    </Filter>
  </ItemGroup>
  <ItemGroup>
    <None Include="debug.mak">
      <Filter>Make files</Filter>
    </None>
    <None Include="Makefile_VGDB" />
    <None Include="default.conf" />
    <None Include="scripts\comm.lua">
      <Filter>scripts</Filter>
    </None>
    <None Include="scripts\init.lua">
      <Filter>scripts</Filter>
    </None>
    <None Include="scripts\ex.lua">
      <Filter>scripts</Filter>
    </None>
    <None Include="scripts\json.lua">
      <Filter>scripts</Filter>
    </None>
    <None Include="scripts\main.lua">
      <Filter>scripts</Filter>
    </None>
    <None Include="scripts\sql.lua">
      <Filter>scripts</Filter>
    </None>
    <None Include="ex.conf" />
    <None Include="debug_walls.mak">
      <Filter>Make files</Filter>
    </None>
  </ItemGroup>
  <ItemGroup>
    <ClInclude Include="main.h">
      <Filter>Header files</Filter>
    </ClInclude>
    <ClInclude Include="sockinfo.h">
      <Filter>Header files</Filter>
    </ClInclude>
    <ClInclude Include="userv.h">
      <Filter>Header files</Filter>
    </ClInclude>
    <ClInclude Include="utility.h">
      <Filter>Header files</Filter>
    </ClInclude>
    <ClInclude Include="version.h" />
    <ClInclude Include="progressbar.h">
      <Filter>Header files</Filter>
    </ClInclude>
    <ClInclude Include="lconnect.h">
      <Filter>Header files</Filter>
    </ClInclude>
    <ClInclude Include="defines.h">
      <Filter>Interface</Filter>
    </ClInclude>
    <ClInclude Include="IEvent.h">
      <Filter>Interface</Filter>
    </ClInclude>
    <ClInclude Include="IData.h">
      <Filter>Interface</Filter>
    </ClInclude>
    <ClInclude Include="IMessage.h">
      <Filter>Interface</Filter>
    </ClInclude>
    <ClInclude Include="MessageCenter.h">
      <Filter>Center</Filter>
    </ClInclude>
    <ClInclude Include="ControlCenter.h">
      <Filter>Center</Filter>
    </ClInclude>
    <ClInclude Include="DataCenter.h">
      <Filter>Center</Filter>
    </ClInclude>
    <ClInclude Include="epollex.h">
      <Filter>Module</Filter>
    </ClInclude>
    <ClInclude Include="ProgramEvent.h">
      <Filter>Events</Filter>
    </ClInclude>
    <ClInclude Include="NormalEvent.h">
      <Filter>Events</Filter>
    </ClInclude>
    <ClInclude Include="NetworkEvent.h">
      <Filter>Events</Filter>
    </ClInclude>
    <ClInclude Include="SendMessageEvent.h">
      <Filter>Events</Filter>
    </ClInclude>
    <ClInclude Include="LuaProcessCenter.h">
      <Filter>Center</Filter>
    </ClInclude>
    <ClInclude Include="serverconfig.h">
      <Filter>Module</Filter>
    </ClInclude>
    <ClInclude Include="SmartSync.h">
      <Filter>Module</Filter>
    </ClInclude>
    <ClInclude Include="CmdProcess.h">
      <Filter>Module</Filter>
    </ClInclude>
    <ClInclude Include="globalfunction.h">
      <Filter>Module</Filter>
    </ClInclude>
  </ItemGroup>
  <ItemGroup>
    <ClCompile Include="main.cpp">
      <Filter>Source files</Filter>
    </ClCompile>
    <ClCompile Include="sockinfo.cpp">
      <Filter>Source files</Filter>
    </ClCompile>
    <ClCompile Include="userv.cpp">
      <Filter>Source files</Filter>
    </ClCompile>
    <ClCompile Include="utility.cpp">
      <Filter>Source files</Filter>
    </ClCompile>
    <ClCompile Include="progressbar.cpp">
      <Filter>Source files</Filter>
    </ClCompile>
    <ClCompile Include="lconnect.cpp">
      <Filter>Source files</Filter>
    </ClCompile>
    <ClCompile Include="MessageCenter.cpp">
      <Filter>Center</Filter>
    </ClCompile>
    <ClCompile Include="ControlCenter.cpp">
      <Filter>Center</Filter>
    </ClCompile>
    <ClCompile Include="DataCenter.cpp">
      <Filter>Center</Filter>
    </ClCompile>
    <ClCompile Include="epollex.cpp">
      <Filter>Module</Filter>
    </ClCompile>
    <ClCompile Include="ProgramEvent.cpp">
      <Filter>Events</Filter>
    </ClCompile>
    <ClCompile Include="NormalEvent.cpp">
      <Filter>Events</Filter>
    </ClCompile>
    <ClCompile Include="NetworkEvent.cpp">
      <Filter>Events</Filter>
    </ClCompile>
    <ClCompile Include="SendMessageEvent.cpp">
      <Filter>Events</Filter>
    </ClCompile>
    <ClCompile Include="LuaProcessCenter.cpp">
      <Filter>Center</Filter>
    </ClCompile>
    <ClCompile Include="serverconfig.cpp">
      <Filter>Module</Filter>
    </ClCompile>
    <ClCompile Include="SmartSync.cpp">
      <Filter>Module</Filter>
    </ClCompile>
    <ClCompile Include="globalfunction.cpp">
      <Filter>Module</Filter>
    </ClCompile>
    <ClCompile Include="CmdProcess.cpp">
      <Filter>Module</Filter>
    </ClCompile>
  </ItemGroup>
</Project>