<?xml version="1.0" encoding="utf-8"?>
<Project ToolsVersion="4.0" xmlns="http://schemas.microsoft.com/developer/msbuild/2003">
  <ItemGroup>
    <ClCompile Include="base_service.cpp">
      <Filter>Servcies</Filter>
    </ClCompile>
    <ClCompile Include="control_service.cpp">
      <Filter>Servcies</Filter>
    </ClCompile>
    <ClCompile Include="firewall_service.cpp">
      <Filter>Servcies</Filter>
    </ClCompile>
    <ClCompile Include="data_service.cpp">
      <Filter>Servcies</Filter>
    </ClCompile>
    <ClCompile Include="process_service.cpp">
      <Filter>Servcies</Filter>
    </ClCompile>
    <ClCompile Include="proxy_service.cpp">
      <Filter>Servcies</Filter>
    </ClCompile>
    <ClCompile Include="ControlHub.cpp">
      <Filter>Center</Filter>
    </ClCompile>
    <ClCompile Include="NetworkHub.cpp">
      <Filter>Center</Filter>
    </ClCompile>
    <ClCompile Include="DataTransPackage.cpp">
      <Filter>Module</Filter>
    </ClCompile>
    <ClCompile Include="DBResult.cpp">
      <Filter>Module</Filter>
    </ClCompile>
    <ClCompile Include="EasyConnect.cpp">
      <Filter>Module</Filter>
    </ClCompile>
    <ClCompile Include="EasySync.cpp">
      <Filter>Module</Filter>
    </ClCompile>
    <ClCompile Include="epollex.cpp">
      <Filter>Module</Filter>
    </ClCompile>
    <ClCompile Include="result.cpp">
      <Filter>Module</Filter>
    </ClCompile>
    <ClCompile Include="sockinfo.cpp">
      <Filter>Module</Filter>
    </ClCompile>
    <ClCompile Include="protocol\protocol.pb.cc">
      <Filter>Protocol</Filter>
    </ClCompile>
    <ClCompile Include="main.cpp" />
    <ClCompile Include="ServiceBuilder.cpp">
      <Filter>Servcies</Filter>
    </ClCompile>
    <ClCompile Include="globalfunction.cpp">
      <Filter>ScriptEnging</Filter>
    </ClCompile>
    <ClCompile Include="LuaProcessCenter.cpp">
      <Filter>ScriptEnging</Filter>
    </ClCompile>
    <ClCompile Include="configuation.cpp">
      <Filter>Config</Filter>
    </ClCompile>
    <ClCompile Include="SQLiteEx.cpp">
      <Filter>Config</Filter>
    </ClCompile>
    <ClCompile Include="utility.cpp">
      <Filter>Module</Filter>
    </ClCompile>
  </ItemGroup>
  <ItemGroup>
    <ClInclude Include="defines.h" />
    <ClInclude Include="main.h" />
    <ClInclude Include="version.h" />
    <ClInclude Include="IControl.h">
      <Filter>Interface</Filter>
    </ClInclude>
    <ClInclude Include="IData.h">
      <Filter>Interface</Filter>
    </ClInclude>
    <ClInclude Include="IEvent.h">
      <Filter>Interface</Filter>
    </ClInclude>
    <ClInclude Include="IObject.h">
      <Filter>Interface</Filter>
    </ClInclude>
    <ClInclude Include="stdafx.h" />
    <ClInclude Include="base_service.h">
      <Filter>Servcies</Filter>
    </ClInclude>
    <ClInclude Include="control_service.h">
      <Filter>Servcies</Filter>
    </ClInclude>
    <ClInclude Include="firewall_service.h">
      <Filter>Servcies</Filter>
    </ClInclude>
    <ClInclude Include="data_service.h">
      <Filter>Servcies</Filter>
    </ClInclude>
    <ClInclude Include="process_service.h">
      <Filter>Servcies</Filter>
    </ClInclude>
    <ClInclude Include="proxy_service.h">
      <Filter>Servcies</Filter>
    </ClInclude>
    <ClInclude Include="ControlHub.h">
      <Filter>Center</Filter>
    </ClInclude>
    <ClInclude Include="NetworkEvent.hpp">
      <Filter>Events</Filter>
    </ClInclude>
    <ClInclude Include="NetworkExEvent.hpp">
      <Filter>Events</Filter>
    </ClInclude>
    <ClInclude Include="NormalEvent.hpp">
      <Filter>Events</Filter>
    </ClInclude>
    <ClInclude Include="ExtendEvent.hpp">
      <Filter>Events</Filter>
    </ClInclude>
    <ClInclude Include="NetworkHub.h">
      <Filter>Center</Filter>
    </ClInclude>
    <ClInclude Include="DataTransPackage.h">
      <Filter>Module</Filter>
    </ClInclude>
    <ClInclude Include="DBResult.h">
      <Filter>Module</Filter>
    </ClInclude>
    <ClInclude Include="EasyConnect.h">
      <Filter>Module</Filter>
    </ClInclude>
    <ClInclude Include="EasySync.h">
      <Filter>Module</Filter>
    </ClInclude>
    <ClInclude Include="epollex.h">
      <Filter>Module</Filter>
    </ClInclude>
    <ClInclude Include="result.h">
      <Filter>Module</Filter>
    </ClInclude>
    <ClInclude Include="sockinfo.h">
      <Filter>Module</Filter>
    </ClInclude>
    <ClInclude Include="protocol\protocol.pb.h">
      <Filter>Protocol</Filter>
    </ClInclude>
    <ClInclude Include="ServiceBuilder.h">
      <Filter>Servcies</Filter>
    </ClInclude>
    <ClInclude Include="globalfunction.h">
      <Filter>ScriptEnging</Filter>
    </ClInclude>
    <ClInclude Include="LuaProcessCenter.h">
      <Filter>ScriptEnging</Filter>
    </ClInclude>
    <ClInclude Include="configuation.h">
      <Filter>Config</Filter>
    </ClInclude>
    <ClInclude Include="SQLiteEx.h">
      <Filter>Config</Filter>
    </ClInclude>
    <ClInclude Include="utility.h">
      <Filter>Module</Filter>
    </ClInclude>
    <ClInclude Include="queue_ex.hpp">
      <Filter>Extend</Filter>
    </ClInclude>
    <ClInclude Include="fstream_ex.hpp">
      <Filter>Extend</Filter>
    </ClInclude>
  </ItemGroup>
  <ItemGroup>
    <Filter Include="ScriptEnging">
      <UniqueIdentifier>{5e39676f-5c67-4e94-8e71-9a51151d9940}</UniqueIdentifier>
    </Filter>
    <Filter Include="Events">
      <UniqueIdentifier>{e1e1992f-16d9-4513-8aed-d289ce99b850}</UniqueIdentifier>
    </Filter>
    <Filter Include="Center">
      <UniqueIdentifier>{189b9201-b73e-41dd-b85e-b40071a79f07}</UniqueIdentifier>
    </Filter>
    <Filter Include="Module">
      <UniqueIdentifier>{3896d0f6-b130-4ca6-9e56-023102d2f492}</UniqueIdentifier>
    </Filter>
    <Filter Include="Interface">
      <UniqueIdentifier>{dc051bee-f37e-47ef-ae88-eef555ae8be2}</UniqueIdentifier>
    </Filter>
    <Filter Include="Protocol">
      <UniqueIdentifier>{87829563-d9eb-4fcb-8931-388f250c8752}</UniqueIdentifier>
    </Filter>
    <Filter Include="Servcies">
      <UniqueIdentifier>{ad784a66-88ac-4173-9fca-3053be08560a}</UniqueIdentifier>
    </Filter>
    <Filter Include="Config">
      <UniqueIdentifier>{de322156-2cf0-4860-a868-894e008038cd}</UniqueIdentifier>
    </Filter>
    <Filter Include="Extend">
      <UniqueIdentifier>{e3c33c2c-73e7-4895-9b01-68ad1c873529}</UniqueIdentifier>
    </Filter>
  </ItemGroup>
  <ItemGroup>
    <Text Include="CMakeLists.txt" />
  </ItemGroup>
  <ItemGroup>
    <None Include="protocol\Protocol.cs">
      <Filter>Protocol</Filter>
    </None>
    <None Include="protocol\protocol.proto">
      <Filter>Protocol</Filter>
    </None>
    <None Include="protocol\rebuild.sh">
      <Filter>Protocol</Filter>
    </None>
  </ItemGroup>
</Project>